// !$*UTF8*$!
{
	archiveVersion = 1;
	classes = {
	};
	objectVersion = 50;
	objects = {

/* Begin PBXBuildFile section */
		4D097678273745D400ADD26D /* Hello_WorldApp.swift in Sources */ = {isa = PBXBuildFile; fileRef = 4D097677273745D400ADD26D /* Hello_WorldApp.swift */; };
		4D09767A273745D400ADD26D /* ContentView.swift in Sources */ = {isa = PBXBuildFile; fileRef = 4D097679273745D400ADD26D /* ContentView.swift */; };
		4D09767C273745D600ADD26D /* Assets.xcassets in Resources */ = {isa = PBXBuildFile; fileRef = 4D09767B273745D600ADD26D /* Assets.xcassets */; };
		4D09767F273745D600ADD26D /* Preview Assets.xcassets in Resources */ = {isa = PBXBuildFile; fileRef = 4D09767E273745D600ADD26D /* Preview Assets.xcassets */; };
		4D09768A273745D700ADD26D /* Hello_WorldTests.swift in Sources */ = {isa = PBXBuildFile; fileRef = 4D097689273745D700ADD26D /* Hello_WorldTests.swift */; };
		4D097695273745D700ADD26D /* Hello_WorldUITests.swift in Sources */ = {isa = PBXBuildFile; fileRef = 4D097694273745D700ADD26D /* Hello_WorldUITests.swift */; };
/* End PBXBuildFile section */

/* Begin PBXContainerItemProxy section */
		4D097686273745D700ADD26D /* PBXContainerItemProxy */ = {
			isa = PBXContainerItemProxy;
			containerPortal = 4D09766C273745D400ADD26D /* Project object */;
			proxyType = 1;
			remoteGlobalIDString = 4D097673273745D400ADD26D;
			remoteInfo = "Hello_World";
		};
		4D097691273745D700ADD26D /* PBXContainerItemProxy */ = {
			isa = PBXContainerItemProxy;
			containerPortal = 4D09766C273745D400ADD26D /* Project object */;
			proxyType = 1;
			remoteGlobalIDString = 4D097673273745D400ADD26D;
			remoteInfo = "Hello_World";
		};
/* End PBXContainerItemProxy section */

/* Begin PBXFileReference section */
		4D097674273745D400ADD26D /* Hello_World.app */ = {isa = PBXFileReference; explicitFileType = wrapper.application; includeInIndex = 0; path = "Hello_World.app"; sourceTree = BUILT_PRODUCTS_DIR; };
		4D097677273745D400ADD26D /* Hello_WorldApp.swift */ = {isa = PBXFileReference; lastKnownFileType = sourcecode.swift; path = Hello_WorldApp.swift; sourceTree = "<group>"; };
		4D097679273745D400ADD26D /* ContentView.swift */ = {isa = PBXFileReference; lastKnownFileType = sourcecode.swift; path = ContentView.swift; sourceTree = "<group>"; };
		4D09767B273745D600ADD26D /* Assets.xcassets */ = {isa = PBXFileReference; lastKnownFileType = folder.assetcatalog; path = Assets.xcassets; sourceTree = "<group>"; };
		4D09767E273745D600ADD26D /* Preview Assets.xcassets */ = {isa = PBXFileReference; lastKnownFileType = folder.assetcatalog; path = "Preview Assets.xcassets"; sourceTree = "<group>"; };
		4D097680273745D600ADD26D /* Info.plist */ = {isa = PBXFileReference; lastKnownFileType = text.plist.xml; path = Info.plist; sourceTree = "<group>"; };
		4D097685273745D700ADD26D /* Hello_WorldTests.xctest */ = {isa = PBXFileReference; explicitFileType = wrapper.cfbundle; includeInIndex = 0; path = "Hello_WorldTests.xctest"; sourceTree = BUILT_PRODUCTS_DIR; };
		4D097689273745D700ADD26D /* Hello_WorldTests.swift */ = {isa = PBXFileReference; lastKnownFileType = sourcecode.swift; path = Hello_WorldTests.swift; sourceTree = "<group>"; };
		4D09768B273745D700ADD26D /* Info.plist */ = {isa = PBXFileReference; lastKnownFileType = text.plist.xml; path = Info.plist; sourceTree = "<group>"; };
		4D097690273745D700ADD26D /* Hello_WorldUITests.xctest */ = {isa = PBXFileReference; explicitFileType = wrapper.cfbundle; includeInIndex = 0; path = "Hello_WorldUITests.xctest"; sourceTree = BUILT_PRODUCTS_DIR; };
		4D097694273745D700ADD26D /* Hello_WorldUITests.swift */ = {isa = PBXFileReference; lastKnownFileType = sourcecode.swift; path = Hello_WorldUITests.swift; sourceTree = "<group>"; };
		4D097696273745D700ADD26D /* Info.plist */ = {isa = PBXFileReference; lastKnownFileType = text.plist.xml; path = Info.plist; sourceTree = "<group>"; };
/* End PBXFileReference section */

/* Begin PBXFrameworksBuildPhase section */
		4D097671273745D400ADD26D /* Frameworks */ = {
			isa = PBXFrameworksBuildPhase;
			buildActionMask = 2147483647;
			files = (
			);
			runOnlyForDeploymentPostprocessing = 0;
		};
		4D097682273745D700ADD26D /* Frameworks */ = {
			isa = PBXFrameworksBuildPhase;
			buildActionMask = 2147483647;
			files = (
			);
			runOnlyForDeploymentPostprocessing = 0;
		};
		4D09768D273745D700ADD26D /* Frameworks */ = {
			isa = PBXFrameworksBuildPhase;
			buildActionMask = 2147483647;
			files = (
			);
			runOnlyForDeploymentPostprocessing = 0;
		};
/* End PBXFrameworksBuildPhase section */

/* Begin PBXGroup section */
		4D09766B273745D400ADD26D = {
			isa = PBXGroup;
			children = (
				4D097676273745D400ADD26D /* Hello_World */,
				4D097688273745D700ADD26D /* Hello_WorldTests */,
				4D097693273745D700ADD26D /* Hello_WorldUITests */,
				4D097675273745D400ADD26D /* Products */,
			);
			sourceTree = "<group>";
		};
		4D097675273745D400ADD26D /* Products */ = {
			isa = PBXGroup;
			children = (
				4D097674273745D400ADD26D /* Hello_World.app */,
				4D097685273745D700ADD26D /* Hello_WorldTests.xctest */,
				4D097690273745D700ADD26D /* Hello_WorldUITests.xctest */,
			);
			name = Products;
			sourceTree = "<group>";
		};
		4D097676273745D400ADD26D /* Hello_World */ = {
			isa = PBXGroup;
			children = (
				4D097677273745D400ADD26D /* Hello_WorldApp.swift */,
				4D097679273745D400ADD26D /* ContentView.swift */,
				4D09767B273745D600ADD26D /* Assets.xcassets */,
				4D097680273745D600ADD26D /* Info.plist */,
				4D09767D273745D600ADD26D /* Preview Content */,
			);
			path = "Hello_World";
			sourceTree = "<group>";
		};
		4D09767D273745D600ADD26D /* Preview Content */ = {
			isa = PBXGroup;
			children = (
				4D09767E273745D600ADD26D /* Preview Assets.xcassets */,
			);
			path = "Preview Content";
			sourceTree = "<group>";
		};
		4D097688273745D700ADD26D /* Hello_WorldTests */ = {
			isa = PBXGroup;
			children = (
				4D097689273745D700ADD26D /* Hello_WorldTests.swift */,
				4D09768B273745D700ADD26D /* Info.plist */,
			);
			path = "Hello_WorldTests";
			sourceTree = "<group>";
		};
		4D097693273745D700ADD26D /* Hello_WorldUITests */ = {
			isa = PBXGroup;
			children = (
				4D097694273745D700ADD26D /* Hello_WorldUITests.swift */,
				4D097696273745D700ADD26D /* Info.plist */,
			);
			path = "Hello_WorldUITests";
			sourceTree = "<group>";
		};
/* End PBXGroup section */

/* Begin PBXNativeTarget section */
		4D097673273745D400ADD26D /* Hello_World */ = {
			isa = PBXNativeTarget;
			buildConfigurationList = 4D097699273745D700ADD26D /* Build configuration list for PBXNativeTarget "Hello_World" */;
			buildPhases = (
				4D097670273745D400ADD26D /* Sources */,
				4D097671273745D400ADD26D /* Frameworks */,
				4D097672273745D400ADD26D /* Resources */,
			);
			buildRules = (
			);
			dependencies = (
			);
			name = "Hello_World";
			productName = "Hello_World";
			productReference = 4D097674273745D400ADD26D /* Hello_World.app */;
			productType = "com.apple.product-type.application";
		};
		4D097684273745D700ADD26D /* Hello_WorldTests */ = {
			isa = PBXNativeTarget;
			buildConfigurationList = 4D09769C273745D700ADD26D /* Build configuration list for PBXNativeTarget "Hello_WorldTests" */;
			buildPhases = (
				4D097681273745D700ADD26D /* Sources */,
				4D097682273745D700ADD26D /* Frameworks */,
				4D097683273745D700ADD26D /* Resources */,
			);
			buildRules = (
			);
			dependencies = (
				4D097687273745D700ADD26D /* PBXTargetDependency */,
			);
			name = "Hello_WorldTests";
			productName = "Hello_WorldTests";
			productReference = 4D097685273745D700ADD26D /* Hello_WorldTests.xctest */;
			productType = "com.apple.product-type.bundle.unit-test";
		};
		4D09768F273745D700ADD26D /* Hello_WorldUITests */ = {
			isa = PBXNativeTarget;
			buildConfigurationList = 4D09769F273745D700ADD26D /* Build configuration list for PBXNativeTarget "Hello_WorldUITests" */;
			buildPhases = (
				4D09768C273745D700ADD26D /* Sources */,
				4D09768D273745D700ADD26D /* Frameworks */,
				4D09768E273745D700ADD26D /* Resources */,
			);
			buildRules = (
			);
			dependencies = (
				4D097692273745D700ADD26D /* PBXTargetDependency */,
			);
			name = "Hello_WorldUITests";
			productName = "Hello_WorldUITests";
			productReference = 4D097690273745D700ADD26D /* Hello_WorldUITests.xctest */;
			productType = "com.apple.product-type.bundle.ui-testing";
		};
/* End PBXNativeTarget section */

/* Begin PBXProject section */
		4D09766C273745D400ADD26D /* Project object */ = {
			isa = PBXProject;
			attributes = {
				LastSwiftUpdateCheck = 1200;
				LastUpgradeCheck = 1200;
				TargetAttributes = {
					4D097673273745D400ADD26D = {
						CreatedOnToolsVersion = 12.0;
					};
					4D097684273745D700ADD26D = {
						CreatedOnToolsVersion = 12.0;
						TestTargetID = 4D097673273745D400ADD26D;
					};
					4D09768F273745D700ADD26D = {
						CreatedOnToolsVersion = 12.0;
						TestTargetID = 4D097673273745D400ADD26D;
					};
				};
			};
			buildConfigurationList = 4D09766F273745D400ADD26D /* Build configuration list for PBXProject "Hello_World" */;
			compatibilityVersion = "Xcode 9.3";
			developmentRegion = en;
			hasScannedForEncodings = 0;
			knownRegions = (
				en,
				Base,
			);
			mainGroup = 4D09766B273745D400ADD26D;
			productRefGroup = 4D097675273745D400ADD26D /* Products */;
			projectDirPath = "";
			projectRoot = "";
			targets = (
				4D097673273745D400ADD26D /* Hello_World */,
				4D097684273745D700ADD26D /* Hello_WorldTests */,
				4D09768F273745D700ADD26D /* Hello_WorldUITests */,
			);
		};
/* End PBXProject section */

/* Begin PBXResourcesBuildPhase section */
		4D097672273745D400ADD26D /* Resources */ = {
			isa = PBXResourcesBuildPhase;
			buildActionMask = 2147483647;
			files = (
				4D09767F273745D600ADD26D /* Preview Assets.xcassets in Resources */,
				4D09767C273745D600ADD26D /* Assets.xcassets in Resources */,
			);
			runOnlyForDeploymentPostprocessing = 0;
		};
		4D097683273745D700ADD26D /* Resources */ = {
			isa = PBXResourcesBuildPhase;
			buildActionMask = 2147483647;
			files = (
			);
			runOnlyForDeploymentPostprocessing = 0;
		};
		4D09768E273745D700ADD26D /* Resources */ = {
			isa = PBXResourcesBuildPhase;
			buildActionMask = 2147483647;
			files = (
			);
			runOnlyForDeploymentPostprocessing = 0;
		};
/* End PBXResourcesBuildPhase section */

/* Begin PBXSourcesBuildPhase section */
		4D097670273745D400ADD26D /* Sources */ = {
			isa = PBXSourcesBuildPhase;
			buildActionMask = 2147483647;
			files = (
				4D09767A273745D400ADD26D /* ContentView.swift in Sources */,
				4D097678273745D400ADD26D /* Hello_WorldApp.swift in Sources */,
			);
			runOnlyForDeploymentPostprocessing = 0;
		};
		4D097681273745D700ADD26D /* Sources */ = {
			isa = PBXSourcesBuildPhase;
			buildActionMask = 2147483647;
			files = (
				4D09768A273745D700ADD26D /* Hello_WorldTests.swift in Sources */,
			);
			runOnlyForDeploymentPostprocessing = 0;
		};
		4D09768C273745D700ADD26D /* Sources */ = {
			isa = PBXSourcesBuildPhase;
			buildActionMask = 2147483647;
			files = (
				4D097695273745D700ADD26D /* Hello_WorldUITests.swift in Sources */,
			);
			runOnlyForDeploymentPostprocessing = 0;
		};
/* End PBXSourcesBuildPhase section */

/* Begin PBXTargetDependency section */
		4D097687273745D700ADD26D /* PBXTargetDependency */ = {
			isa = PBXTargetDependency;
			target = 4D097673273745D400ADD26D /* Hello_World */;
			targetProxy = 4D097686273745D700ADD26D /* PBXContainerItemProxy */;
		};
		4D097692273745D700ADD26D /* PBXTargetDependency */ = {
			isa = PBXTargetDependency;
			target = 4D097673273745D400ADD26D /* Hello_World */;
			targetProxy = 4D097691273745D700ADD26D /* PBXContainerItemProxy */;
		};
/* End PBXTargetDependency section */

/* Begin XCBuildConfiguration section */
		4D097697273745D700ADD26D /* Debug */ = {
			isa = XCBuildConfiguration;
			buildSettings = {
				ALWAYS_SEARCH_USER_PATHS = NO;
				CLANG_ANALYZER_NONNULL = YES;
				CLANG_ANALYZER_NUMBER_OBJECT_CONVERSION = YES_AGGRESSIVE;
				CLANG_CXX_LANGUAGE_STANDARD = "gnu++14";
				CLANG_CXX_LIBRARY = "libc++";
				CLANG_ENABLE_MODULES = YES;
				CLANG_ENABLE_OBJC_ARC = YES;
				CLANG_ENABLE_OBJC_WEAK = YES;
				CLANG_WARN_BLOCK_CAPTURE_AUTORELEASING = YES;
				CLANG_WARN_BOOL_CONVERSION = YES;
				CLANG_WARN_COMMA = YES;
				CLANG_WARN_CONSTANT_CONVERSION = YES;
				CLANG_WARN_DEPRECATED_OBJC_IMPLEMENTATIONS = YES;
				CLANG_WARN_DIRECT_OBJC_ISA_USAGE = YES_ERROR;
				CLANG_WARN_DOCUMENTATION_COMMENTS = YES;
				CLANG_WARN_EMPTY_BODY = YES;
				CLANG_WARN_ENUM_CONVERSION = YES;
				CLANG_WARN_INFINITE_RECURSION = YES;
				CLANG_WARN_INT_CONVERSION = YES;
				CLANG_WARN_NON_LITERAL_NULL_CONVERSION = YES;
				CLANG_WARN_OBJC_IMPLICIT_RETAIN_SELF = YES;
				CLANG_WARN_OBJC_LITERAL_CONVERSION = YES;
				CLANG_WARN_OBJC_ROOT_CLASS = YES_ERROR;
				CLANG_WARN_QUOTED_INCLUDE_IN_FRAMEWORK_HEADER = YES;
				CLANG_WARN_RANGE_LOOP_ANALYSIS = YES;
				CLANG_WARN_STRICT_PROTOTYPES = YES;
				CLANG_WARN_SUSPICIOUS_MOVE = YES;
				CLANG_WARN_UNGUARDED_AVAILABILITY = YES_AGGRESSIVE;
				CLANG_WARN_UNREACHABLE_CODE = YES;
				CLANG_WARN__DUPLICATE_METHOD_MATCH = YES;
				COPY_PHASE_STRIP = NO;
				DEBUG_INFORMATION_FORMAT = dwarf;
				ENABLE_STRICT_OBJC_MSGSEND = YES;
				ENABLE_TESTABILITY = YES;
				GCC_C_LANGUAGE_STANDARD = gnu11;
				GCC_DYNAMIC_NO_PIC = NO;
				GCC_NO_COMMON_BLOCKS = YES;
				GCC_OPTIMIZATION_LEVEL = 0;
				GCC_PREPROCESSOR_DEFINITIONS = (
					"DEBUG=1",
					"$(inherited)",
				);
				GCC_WARN_64_TO_32_BIT_CONVERSION = YES;
				GCC_WARN_ABOUT_RETURN_TYPE = YES_ERROR;
				GCC_WARN_UNDECLARED_SELECTOR = YES;
				GCC_WARN_UNINITIALIZED_AUTOS = YES_AGGRESSIVE;
				GCC_WARN_UNUSED_FUNCTION = YES;
				GCC_WARN_UNUSED_VARIABLE = YES;
				IPHONEOS_DEPLOYMENT_TARGET = 14.0;
				MTL_ENABLE_DEBUG_INFO = INCLUDE_SOURCE;
				MTL_FAST_MATH = YES;
				ONLY_ACTIVE_ARCH = YES;
				SDKROOT = iphoneos;
				SWIFT_ACTIVE_COMPILATION_CONDITIONS = DEBUG;
				SWIFT_OPTIMIZATION_LEVEL = "-Onone";
			};
			name = Debug;
		};
		4D097698273745D700ADD26D /* Release */ = {
			isa = XCBuildConfiguration;
			buildSettings = {
				ALWAYS_SEARCH_USER_PATHS = NO;
				CLANG_ANALYZER_NONNULL = YES;
				CLANG_ANALYZER_NUMBER_OBJECT_CONVERSION = YES_AGGRESSIVE;
				CLANG_CXX_LANGUAGE_STANDARD = "gnu++14";
				CLANG_CXX_LIBRARY = "libc++";
				CLANG_ENABLE_MODULES = YES;
				CLANG_ENABLE_OBJC_ARC = YES;
				CLANG_ENABLE_OBJC_WEAK = YES;
				CLANG_WARN_BLOCK_CAPTURE_AUTORELEASING = YES;
				CLANG_WARN_BOOL_CONVERSION = YES;
				CLANG_WARN_COMMA = YES;
				CLANG_WARN_CONSTANT_CONVERSION = YES;
				CLANG_WARN_DEPRECATED_OBJC_IMPLEMENTATIONS = YES;
				CLANG_WARN_DIRECT_OBJC_ISA_USAGE = YES_ERROR;
				CLANG_WARN_DOCUMENTATION_COMMENTS = YES;
				CLANG_WARN_EMPTY_BODY = YES;
				CLANG_WARN_ENUM_CONVERSION = YES;
				CLANG_WARN_INFINITE_RECURSION = YES;
				CLANG_WARN_INT_CONVERSION = YES;
				CLANG_WARN_NON_LITERAL_NULL_CONVERSION = YES;
				CLANG_WARN_OBJC_IMPLICIT_RETAIN_SELF = YES;
				CLANG_WARN_OBJC_LITERAL_CONVERSION = YES;
				CLANG_WARN_OBJC_ROOT_CLASS = YES_ERROR;
				CLANG_WARN_QUOTED_INCLUDE_IN_FRAMEWORK_HEADER = YES;
				CLANG_WARN_RANGE_LOOP_ANALYSIS = YES;
				CLANG_WARN_STRICT_PROTOTYPES = YES;
				CLANG_WARN_SUSPICIOUS_MOVE = YES;
				CLANG_WARN_UNGUARDED_AVAILABILITY = YES_AGGRESSIVE;
				CLANG_WARN_UNREACHABLE_CODE = YES;
				CLANG_WARN__DUPLICATE_METHOD_MATCH = YES;
				COPY_PHASE_STRIP = NO;
				DEBUG_INFORMATION_FORMAT = "dwarf-with-dsym";
				ENABLE_NS_ASSERTIONS = NO;
				ENABLE_STRICT_OBJC_MSGSEND = YES;
				GCC_C_LANGUAGE_STANDARD = gnu11;
				GCC_NO_COMMON_BLOCKS = YES;
				GCC_WARN_64_TO_32_BIT_CONVERSION = YES;
				GCC_WARN_ABOUT_RETURN_TYPE = YES_ERROR;
				GCC_WARN_UNDECLARED_SELECTOR = YES;
				GCC_WARN_UNINITIALIZED_AUTOS = YES_AGGRESSIVE;
				GCC_WARN_UNUSED_FUNCTION = YES;
				GCC_WARN_UNUSED_VARIABLE = YES;
				IPHONEOS_DEPLOYMENT_TARGET = 14.0;
				MTL_ENABLE_DEBUG_INFO = NO;
				MTL_FAST_MATH = YES;
				SDKROOT = iphoneos;
				SWIFT_COMPILATION_MODE = wholemodule;
				SWIFT_OPTIMIZATION_LEVEL = "-O";
				VALIDATE_PRODUCT = YES;
			};
			name = Release;
		};
		4D09769A273745D700ADD26D /* Debug */ = {
			isa = XCBuildConfiguration;
			buildSettings = {
				ASSETCATALOG_COMPILER_APPICON_NAME = AppIcon;
				ASSETCATALOG_COMPILER_GLOBAL_ACCENT_COLOR_NAME = AccentColor;
				CODE_SIGN_STYLE = Automatic;
				DEVELOPMENT_ASSET_PATHS = "\"Hello_World/Preview Content\"";
				ENABLE_PREVIEWS = YES;
				INFOPLIST_FILE = "Hello_World/Info.plist";
				IPHONEOS_DEPLOYMENT_TARGET = 14.0;
				LD_RUNPATH_SEARCH_PATHS = (
					"$(inherited)",
					"@executable_path/Frameworks",
				);
				PRODUCT_BUNDLE_IDENTIFIER = "mycompany.com.Hello-World";
				PRODUCT_NAME = "$(TARGET_NAME)";
				SWIFT_VERSION = 5.0;
				TARGETED_DEVICE_FAMILY = "1,2";
			};
			name = Debug;
		};
		4D09769B273745D700ADD26D /* Release */ = {
			isa = XCBuildConfiguration;
			buildSettings = {
				ASSETCATALOG_COMPILER_APPICON_NAME = AppIcon;
				ASSETCATALOG_COMPILER_GLOBAL_ACCENT_COLOR_NAME = AccentColor;
				CODE_SIGN_STYLE = Automatic;
				DEVELOPMENT_ASSET_PATHS = "\"Hello_World/Preview Content\"";
				ENABLE_PREVIEWS = YES;
				INFOPLIST_FILE = "Hello_World/Info.plist";
				IPHONEOS_DEPLOYMENT_TARGET = 14.0;
				LD_RUNPATH_SEARCH_PATHS = (
					"$(inherited)",
					"@executable_path/Frameworks",
				);
				PRODUCT_BUNDLE_IDENTIFIER = "mycompany.com.Hello-World";
				PRODUCT_NAME = "$(TARGET_NAME)";
				SWIFT_VERSION = 5.0;
				TARGETED_DEVICE_FAMILY = "1,2";
			};
			name = Release;
		};
		4D09769D273745D700ADD26D /* Debug */ = {
			isa = XCBuildConfiguration;
			buildSettings = {
				ALWAYS_EMBED_SWIFT_STANDARD_LIBRARIES = YES;
				BUNDLE_LOADER = "$(TEST_HOST)";
				CODE_SIGN_STYLE = Automatic;
				INFOPLIST_FILE = "Hello_WorldTests/Info.plist";
				IPHONEOS_DEPLOYMENT_TARGET = 14.0;
				LD_RUNPATH_SEARCH_PATHS = (
					"$(inherited)",
					"@executable_path/Frameworks",
					"@loader_path/Frameworks",
				);
				PRODUCT_BUNDLE_IDENTIFIER = "mycompany.com.Hello-WorldTests";
				PRODUCT_NAME = "$(TARGET_NAME)";
				SWIFT_VERSION = 5.0;
				TARGETED_DEVICE_FAMILY = "1,2";
				TEST_HOST = "$(BUILT_PRODUCTS_DIR)/Hello_World.app/Hello_World";
			};
			name = Debug;
		};
		4D09769E273745D700ADD26D /* Release */ = {
			isa = XCBuildConfiguration;
			buildSettings = {
				ALWAYS_EMBED_SWIFT_STANDARD_LIBRARIES = YES;
				BUNDLE_LOADER = "$(TEST_HOST)";
				CODE_SIGN_STYLE = Automatic;
				INFOPLIST_FILE = "Hello_WorldTests/Info.plist";
				IPHONEOS_DEPLOYMENT_TARGET = 14.0;
				LD_RUNPATH_SEARCH_PATHS = (
					"$(inherited)",
					"@executable_path/Frameworks",
					"@loader_path/Frameworks",
				);
				PRODUCT_BUNDLE_IDENTIFIER = "mycompany.com.Hello-WorldTests";
				PRODUCT_NAME = "$(TARGET_NAME)";
				SWIFT_VERSION = 5.0;
				TARGETED_DEVICE_FAMILY = "1,2";
				TEST_HOST = "$(BUILT_PRODUCTS_DIR)/Hello_World.app/Hello_World";
			};
			name = Release;
		};
		4D0976A0273745D700ADD26D /* Debug */ = {
			isa = XCBuildConfiguration;
			buildSettings = {
				ALWAYS_EMBED_SWIFT_STANDARD_LIBRARIES = YES;
				CODE_SIGN_STYLE = Automatic;
				INFOPLIST_FILE = "Hello_WorldUITests/Info.plist";
				LD_RUNPATH_SEARCH_PATHS = (
					"$(inherited)",
					"@executable_path/Frameworks",
					"@loader_path/Frameworks",
				);
				PRODUCT_BUNDLE_IDENTIFIER = "mycompany.com.Hello-WorldUITests";
				PRODUCT_NAME = "$(TARGET_NAME)";
				SWIFT_VERSION = 5.0;
				TARGETED_DEVICE_FAMILY = "1,2";
				TEST_TARGET_NAME = "Hello_World";
			};
			name = Debug;
		};
		4D0976A1273745D700ADD26D /* Release */ = {
			isa = XCBuildConfiguration;
			buildSettings = {
				ALWAYS_EMBED_SWIFT_STANDARD_LIBRARIES = YES;
				CODE_SIGN_STYLE = Automatic;
				INFOPLIST_FILE = "Hello_WorldUITests/Info.plist";
				LD_RUNPATH_SEARCH_PATHS = (
					"$(inherited)",
					"@executable_path/Frameworks",
					"@loader_path/Frameworks",
				);
				PRODUCT_BUNDLE_IDENTIFIER = "mycompany.com.Hello-WorldUITests";
				PRODUCT_NAME = "$(TARGET_NAME)";
				SWIFT_VERSION = 5.0;
				TARGETED_DEVICE_FAMILY = "1,2";
				TEST_TARGET_NAME = "Hello_World";
			};
			name = Release;
		};
/* End XCBuildConfiguration section */

/* Begin XCConfigurationList section */
		4D09766F273745D400ADD26D /* Build configuration list for PBXProject "Hello_World" */ = {
			isa = XCConfigurationList;
			buildConfigurations = (
				4D097697273745D700ADD26D /* Debug */,
				4D097698273745D700ADD26D /* Release */,
			);
			defaultConfigurationIsVisible = 0;
			defaultConfigurationName = Release;
		};
		4D097699273745D700ADD26D /* Build configuration list for PBXNativeTarget "Hello_World" */ = {
			isa = XCConfigurationList;
			buildConfigurations = (
				4D09769A273745D700ADD26D /* Debug */,
				4D09769B273745D700ADD26D /* Release */,
			);
			defaultConfigurationIsVisible = 0;
			defaultConfigurationName = Release;
		};
		4D09769C273745D700ADD26D /* Build configuration list for PBXNativeTarget "Hello_WorldTests" */ = {
			isa = XCConfigurationList;
			buildConfigurations = (
				4D09769D273745D700ADD26D /* Debug */,
				4D09769E273745D700ADD26D /* Release */,
			);
			defaultConfigurationIsVisible = 0;
			defaultConfigurationName = Release;
		};
		4D09769F273745D700ADD26D /* Build configuration list for PBXNativeTarget "Hello_WorldUITests" */ = {
			isa = XCConfigurationList;
			buildConfigurations = (
				4D0976A0273745D700ADD26D /* Debug */,
				4D0976A1273745D700ADD26D /* Release */,
			);
			defaultConfigurationIsVisible = 0;
			defaultConfigurationName = Release;
		};
/* End XCConfigurationList section */
	};
	rootObject = 4D09766C273745D400ADD26D /* Project object */;
}
